
Microsoft Visual Studio Solution File, Format Version 12.00
# Visual Studio Version 17
VisualStudioVersion = 17.7.34221.43
MinimumVisualStudioVersion = 10.0.40219.1
Project("{2150E333-8FDC-42A3-9474-1A3956D46DE8}") = "Services", "Services", "{19DD36B5-0FD1-4B16-8948-4E883D799346}"
EndProject
Project("{2150E333-8FDC-42A3-9474-1A3956D46DE8}") = "Catalog", "Catalog", "{ECDBCF58-06EA-40F6-AC35-2F0A63C64EA4}"
EndProject
Project("{9A19103F-16F7-4668-BE54-9A1E7A4F7556}") = "WebCommerce.Catalog", "Services\Catalog\WebCommerce.Catalog\WebCommerce.Catalog.csproj", "{B6ED9323-9E91-4D09-908B-D86DCC8952AB}"
EndProject
Project("{2150E333-8FDC-42A3-9474-1A3956D46DE8}") = "Discount", "Discount", "{4A398D56-9ED2-4678-A72A-AC5F4F8C86B2}"
EndProject
Project("{9A19103F-16F7-4668-BE54-9A1E7A4F7556}") = "WebCommerce.Discount", "Services\Discount\WebCommerce.Discount\WebCommerce.Discount.csproj", "{905947C0-36DA-49E4-8DD5-806ED68AF21C}"
EndProject
Project("{2150E333-8FDC-42A3-9474-1A3956D46DE8}") = "Order", "Order", "{EB1ECAB1-A21E-4B7A-AE18-F2CCFDBFFE5E}"
EndProject
Project("{2150E333-8FDC-42A3-9474-1A3956D46DE8}") = "Core", "Core", "{C3C3E851-14A4-4154-81F2-9241CAA3AFBF}"
EndProject
Project("{2150E333-8FDC-42A3-9474-1A3956D46DE8}") = "Infrastructure", "Infrastructure", "{C5200F48-2382-404C-A26F-C702E4E664EF}"
EndProject
Project("{2150E333-8FDC-42A3-9474-1A3956D46DE8}") = "Presentation", "Presentation", "{37C5ECDC-703B-4288-9E15-FA5576B506F9}"
EndProject
Project("{FAE04EC0-301F-11D3-BF4B-00C04F79EFBC}") = "WebCommerce.Order.Domain", "Services\Order\Core\WebCommerce.Order.Domain\WebCommerce.Order.Domain.csproj", "{2AEE1FD2-89A4-4699-AF8A-FE9C298BD758}"
EndProject
Project("{FAE04EC0-301F-11D3-BF4B-00C04F79EFBC}") = "WebCommerce.Order.Application", "Services\Order\Core\WebCommerce.Order.Application\WebCommerce.Order.Application.csproj", "{03A77067-00B9-44D7-8743-2B12BE252CC3}"
EndProject
Project("{FAE04EC0-301F-11D3-BF4B-00C04F79EFBC}") = "WebCommerce.Order.Persistance", "Services\Order\Infrastructure\WebCommerce.Order.Persistance\WebCommerce.Order.Persistance.csproj", "{E0D444B7-3AB5-4458-8897-A2CBCFC8744A}"
EndProject
Project("{FAE04EC0-301F-11D3-BF4B-00C04F79EFBC}") = "WebCommerce.Order.WebAPI", "Services\Order\Presentation\WebCommerce.Order.WebAPI\WebCommerce.Order.WebAPI.csproj", "{EEA6EA60-E77B-4642-921B-0728F5FD8AEA}"
EndProject
Global
	GlobalSection(SolutionConfigurationPlatforms) = preSolution
		Debug|Any CPU = Debug|Any CPU
		Release|Any CPU = Release|Any CPU
	EndGlobalSection
	GlobalSection(ProjectConfigurationPlatforms) = postSolution
		{B6ED9323-9E91-4D09-908B-D86DCC8952AB}.Debug|Any CPU.ActiveCfg = Debug|Any CPU
		{B6ED9323-9E91-4D09-908B-D86DCC8952AB}.Debug|Any CPU.Build.0 = Debug|Any CPU
		{B6ED9323-9E91-4D09-908B-D86DCC8952AB}.Release|Any CPU.ActiveCfg = Release|Any CPU
		{B6ED9323-9E91-4D09-908B-D86DCC8952AB}.Release|Any CPU.Build.0 = Release|Any CPU
		{905947C0-36DA-49E4-8DD5-806ED68AF21C}.Debug|Any CPU.ActiveCfg = Debug|Any CPU
		{905947C0-36DA-49E4-8DD5-806ED68AF21C}.Debug|Any CPU.Build.0 = Debug|Any CPU
		{905947C0-36DA-49E4-8DD5-806ED68AF21C}.Release|Any CPU.ActiveCfg = Release|Any CPU
		{905947C0-36DA-49E4-8DD5-806ED68AF21C}.Release|Any CPU.Build.0 = Release|Any CPU
		{2AEE1FD2-89A4-4699-AF8A-FE9C298BD758}.Debug|Any CPU.ActiveCfg = Debug|Any CPU
		{2AEE1FD2-89A4-4699-AF8A-FE9C298BD758}.Debug|Any CPU.Build.0 = Debug|Any CPU
		{2AEE1FD2-89A4-4699-AF8A-FE9C298BD758}.Release|Any CPU.ActiveCfg = Release|Any CPU
		{2AEE1FD2-89A4-4699-AF8A-FE9C298BD758}.Release|Any CPU.Build.0 = Release|Any CPU
		{03A77067-00B9-44D7-8743-2B12BE252CC3}.Debug|Any CPU.ActiveCfg = Debug|Any CPU
		{03A77067-00B9-44D7-8743-2B12BE252CC3}.Debug|Any CPU.Build.0 = Debug|Any CPU
		{03A77067-00B9-44D7-8743-2B12BE252CC3}.Release|Any CPU.ActiveCfg = Release|Any CPU
		{03A77067-00B9-44D7-8743-2B12BE252CC3}.Release|Any CPU.Build.0 = Release|Any CPU
		{E0D444B7-3AB5-4458-8897-A2CBCFC8744A}.Debug|Any CPU.ActiveCfg = Debug|Any CPU
		{E0D444B7-3AB5-4458-8897-A2CBCFC8744A}.Debug|Any CPU.Build.0 = Debug|Any CPU
		{E0D444B7-3AB5-4458-8897-A2CBCFC8744A}.Release|Any CPU.ActiveCfg = Release|Any CPU
		{E0D444B7-3AB5-4458-8897-A2CBCFC8744A}.Release|Any CPU.Build.0 = Release|Any CPU
		{EEA6EA60-E77B-4642-921B-0728F5FD8AEA}.Debug|Any CPU.ActiveCfg = Debug|Any CPU
		{EEA6EA60-E77B-4642-921B-0728F5FD8AEA}.Debug|Any CPU.Build.0 = Debug|Any CPU
		{EEA6EA60-E77B-4642-921B-0728F5FD8AEA}.Release|Any CPU.ActiveCfg = Release|Any CPU
		{EEA6EA60-E77B-4642-921B-0728F5FD8AEA}.Release|Any CPU.Build.0 = Release|Any CPU
	EndGlobalSection
	GlobalSection(SolutionProperties) = preSolution
		HideSolutionNode = FALSE
	EndGlobalSection
	GlobalSection(NestedProjects) = preSolution
		{ECDBCF58-06EA-40F6-AC35-2F0A63C64EA4} = {19DD36B5-0FD1-4B16-8948-4E883D799346}
		{B6ED9323-9E91-4D09-908B-D86DCC8952AB} = {ECDBCF58-06EA-40F6-AC35-2F0A63C64EA4}
		{4A398D56-9ED2-4678-A72A-AC5F4F8C86B2} = {19DD36B5-0FD1-4B16-8948-4E883D799346}
		{905947C0-36DA-49E4-8DD5-806ED68AF21C} = {4A398D56-9ED2-4678-A72A-AC5F4F8C86B2}
		{EB1ECAB1-A21E-4B7A-AE18-F2CCFDBFFE5E} = {19DD36B5-0FD1-4B16-8948-4E883D799346}
		{C3C3E851-14A4-4154-81F2-9241CAA3AFBF} = {EB1ECAB1-A21E-4B7A-AE18-F2CCFDBFFE5E}
		{C5200F48-2382-404C-A26F-C702E4E664EF} = {EB1ECAB1-A21E-4B7A-AE18-F2CCFDBFFE5E}
		{37C5ECDC-703B-4288-9E15-FA5576B506F9} = {EB1ECAB1-A21E-4B7A-AE18-F2CCFDBFFE5E}
		{2AEE1FD2-89A4-4699-AF8A-FE9C298BD758} = {C3C3E851-14A4-4154-81F2-9241CAA3AFBF}
		{03A77067-00B9-44D7-8743-2B12BE252CC3} = {C3C3E851-14A4-4154-81F2-9241CAA3AFBF}
		{E0D444B7-3AB5-4458-8897-A2CBCFC8744A} = {C5200F48-2382-404C-A26F-C702E4E664EF}
		{EEA6EA60-E77B-4642-921B-0728F5FD8AEA} = {37C5ECDC-703B-4288-9E15-FA5576B506F9}
	EndGlobalSection
	GlobalSection(ExtensibilityGlobals) = postSolution
		SolutionGuid = {852FEE90-854C-4ED9-BA10-A359C19FA758}
	EndGlobalSection
EndGlobal
